
Microsoft Visual Studio Solution File, Format Version 12.00
# Visual Studio Version 17
VisualStudioVersion = 17.12.35707.178
MinimumVisualStudioVersion = 10.0.40219.1
Project("{FAE04EC0-301F-11D3-BF4B-00C04F79EFBC}") = "SampleWebAPI", "SampleWebAPI\SampleWebAPI.csproj", "{5318DF05-59C0-43AB-BA20-6D9306610946}"
EndProject
Project("{FAE04EC0-301F-11D3-BF4B-00C04F79EFBC}") = "EmployeeService", "EmployeeService\EmployeeService.csproj", "{C38529CD-82D8-40E5-B598-0D0B2E3700A8}"
EndProject
Project("{FAE04EC0-301F-11D3-BF4B-00C04F79EFBC}") = "EmployeeDataAccess", "EmployeeDataAccess\EmployeeDataAccess\EmployeeDataAccess.csproj", "{F537D9A7-9716-4B6C-B101-9AC02C883E83}"
EndProject
Project("{FAE04EC0-301F-11D3-BF4B-00C04F79EFBC}") = "ClientApplication", "ClientApplication\ClientApplication.csproj", "{14520D2E-A19F-4E17-AACD-8FCF344463A4}"
EndProject
Global
	GlobalSection(SolutionConfigurationPlatforms) = preSolution
		Debug|Any CPU = Debug|Any CPU
		Release|Any CPU = Release|Any CPU
	EndGlobalSection
	GlobalSection(ProjectConfigurationPlatforms) = postSolution
		{5318DF05-59C0-43AB-BA20-6D9306610946}.Debug|Any CPU.ActiveCfg = Debug|Any CPU
		{5318DF05-59C0-43AB-BA20-6D9306610946}.Debug|Any CPU.Build.0 = Debug|Any CPU
		{5318DF05-59C0-43AB-BA20-6D9306610946}.Release|Any CPU.ActiveCfg = Release|Any CPU
		{5318DF05-59C0-43AB-BA20-6D9306610946}.Release|Any CPU.Build.0 = Release|Any CPU
		{C38529CD-82D8-40E5-B598-0D0B2E3700A8}.Debug|Any CPU.ActiveCfg = Debug|Any CPU
		{C38529CD-82D8-40E5-B598-0D0B2E3700A8}.Debug|Any CPU.Build.0 = Debug|Any CPU
		{C38529CD-82D8-40E5-B598-0D0B2E3700A8}.Release|Any CPU.ActiveCfg = Release|Any CPU
		{C38529CD-82D8-40E5-B598-0D0B2E3700A8}.Release|Any CPU.Build.0 = Release|Any CPU
		{F537D9A7-9716-4B6C-B101-9AC02C883E83}.Debug|Any CPU.ActiveCfg = Debug|Any CPU
		{F537D9A7-9716-4B6C-B101-9AC02C883E83}.Debug|Any CPU.Build.0 = Debug|Any CPU
		{F537D9A7-9716-4B6C-B101-9AC02C883E83}.Release|Any CPU.ActiveCfg = Release|Any CPU
		{F537D9A7-9716-4B6C-B101-9AC02C883E83}.Release|Any CPU.Build.0 = Release|Any CPU
		{14520D2E-A19F-4E17-AACD-8FCF344463A4}.Debug|Any CPU.ActiveCfg = Debug|Any CPU
		{14520D2E-A19F-4E17-AACD-8FCF344463A4}.Debug|Any CPU.Build.0 = Debug|Any CPU
		{14520D2E-A19F-4E17-AACD-8FCF344463A4}.Release|Any CPU.ActiveCfg = Release|Any CPU
		{14520D2E-A19F-4E17-AACD-8FCF344463A4}.Release|Any CPU.Build.0 = Release|Any CPU
	EndGlobalSection
	GlobalSection(SolutionProperties) = preSolution
		HideSolutionNode = FALSE
	EndGlobalSection
EndGlobal
